
Microsoft Visual Studio Solution File, Format Version 11.00
# Visual Studio 2010
Project("{FAE04EC0-301F-11D3-BF4B-00C04F79EFBC}") = "ball game", "Assembly-CSharp.csproj", "{08307FF1-07F1-A66C-6E4E-621B4AEAB2EE}"
EndProject
Global
	GlobalSection(SolutionConfigurationPlatforms) = preSolution
		Debug|Any CPU = Debug|Any CPU
		Release|Any CPU = Release|Any CPU
	EndGlobalSection
	GlobalSection(ProjectConfigurationPlatforms) = postSolution
		{08307FF1-07F1-A66C-6E4E-621B4AEAB2EE}.Debug|Any CPU.ActiveCfg = Debug|Any CPU
		{08307FF1-07F1-A66C-6E4E-621B4AEAB2EE}.Debug|Any CPU.Build.0 = Debug|Any CPU
		{08307FF1-07F1-A66C-6E4E-621B4AEAB2EE}.Release|Any CPU.ActiveCfg = Release|Any CPU
		{08307FF1-07F1-A66C-6E4E-621B4AEAB2EE}.Release|Any CPU.Build.0 = Release|Any CPU
	EndGlobalSection
	GlobalSection(SolutionProperties) = preSolution
		HideSolutionNode = FALSE
	EndGlobalSection
	GlobalSection(MonoDevelopProperties) = preSolution
		StartupItem = Assembly-CSharp.csproj
	EndGlobalSection
EndGlobal
